
Microsoft Visual Studio Solution File, Format Version 12.00
# Visual Studio Version 17
VisualStudioVersion = 17.8.34511.84
MinimumVisualStudioVersion = 10.0.40219.1
Project("{FAE04EC0-301F-11D3-BF4B-00C04F79EFBC}") = "PhotoMover", "PhotoMover.csproj", "{3DB3C837-9802-4F34-AE20-5EF25FB878CC}"
EndProject
Global
	GlobalSection(SolutionConfigurationPlatforms) = preSolution
		Debug|Any CPU = Debug|Any CPU
		Release|Any CPU = Release|Any CPU
	EndGlobalSection
	GlobalSection(ProjectConfigurationPlatforms) = postSolution
		{3DB3C837-9802-4F34-AE20-5EF25FB878CC}.Debug|Any CPU.ActiveCfg = Debug|Any CPU
		{3DB3C837-9802-4F34-AE20-5EF25FB878CC}.Debug|Any CPU.Build.0 = Debug|Any CPU
		{3DB3C837-9802-4F34-AE20-5EF25FB878CC}.Release|Any CPU.ActiveCfg = Release|Any CPU
		{3DB3C837-9802-4F34-AE20-5EF25FB878CC}.Release|Any CPU.Build.0 = Release|Any CPU
	EndGlobalSection
	GlobalSection(SolutionProperties) = preSolution
		HideSolutionNode = FALSE
	EndGlobalSection
	GlobalSection(ExtensibilityGlobals) = postSolution
		SolutionGuid = {3828E849-BF04-426E-BB74-4E7597287A12}
	EndGlobalSection
EndGlobal
